
Microsoft Visual Studio Solution File, Format Version 12.00
# Visual Studio Version 17
VisualStudioVersion = 17.14.36127.28
MinimumVisualStudioVersion = 10.0.40219.1
Project("{FAE04EC0-301F-11D3-BF4B-00C04F79EFBC}") = "QLPG_a", "QLSV-DB\QLPG_a.csproj", "{0BD796F3-003A-48C2-B219-F088E74B1F17}"
EndProject
Global
	GlobalSection(SolutionConfigurationPlatforms) = preSolution
		Debug|Any CPU = Debug|Any CPU
		Release|Any CPU = Release|Any CPU
	EndGlobalSection
	GlobalSection(ProjectConfigurationPlatforms) = postSolution
		{0BD796F3-003A-48C2-B219-F088E74B1F17}.Debug|Any CPU.ActiveCfg = Debug|Any CPU
		{0BD796F3-003A-48C2-B219-F088E74B1F17}.Debug|Any CPU.Build.0 = Debug|Any CPU
		{0BD796F3-003A-48C2-B219-F088E74B1F17}.Release|Any CPU.ActiveCfg = Release|Any CPU
		{0BD796F3-003A-48C2-B219-F088E74B1F17}.Release|Any CPU.Build.0 = Release|Any CPU
	EndGlobalSection
	GlobalSection(SolutionProperties) = preSolution
		HideSolutionNode = FALSE
	EndGlobalSection
	GlobalSection(ExtensibilityGlobals) = postSolution
		SolutionGuid = {659F609A-8AC2-4FC2-A82C-5E1BF3D4CC70}
	EndGlobalSection
EndGlobal
